PODS:
  - Alamofire (3.2.1)
  - JSQCoreDataKit (2.2.0)
  - Kingfisher (2.1.0)
  - ReachabilitySwift (2.3.3)
  - SDCAlertView (4.0.1)
  - SwiftyJSON (2.3.2)

DEPENDENCIES:
  - Alamofire
  - JSQCoreDataKit
  - Kingfisher
  - ReachabilitySwift
  - SDCAlertView
  - SwiftyJSON

SPEC CHECKSUMS:
  Alamofire: f11d8624a05f5d39e0c99309b3e600a3ba64298a
  JSQCoreDataKit: 5fc7bfcd7c1f33d83a1caebbbcd87ee3f4a89261
  Kingfisher: 3ac09acad75a25ab22f6d7cef3de10d61dd4792d
  ReachabilitySwift: e0f6b6f280effb47731acfaaa2d5ffe223703793
  SDCAlertView: 046bcf893b3585ffa2ecaba536dc3de334959d72
  SwiftyJSON: 04ccea08915aa0109039157c7974cf0298da292a

PODFILE CHECKSUM: 1c5ae77298cb53da4aa871b8a8089811a1194a97

COCOAPODS: 1.0.0.beta.4
